
Microsoft Visual Studio Solution File, Format Version 12.00
# Visual Studio 2013
VisualStudioVersion = 12.0.30723.0
MinimumVisualStudioVersion = 10.0.40219.1
Project("{FAE04EC0-301F-11D3-BF4B-00C04F79EFBC}") = "CapaDeDatos", "CapaDeDatos\CapaDeDatos.csproj", "{DAEEB470-9E12-4CD3-BAA0-A19002CBA281}"
EndProject
Project("{FAE04EC0-301F-11D3-BF4B-00C04F79EFBC}") = "PuntoDeVenta", "PuntoDeVenta\PuntoDeVenta.csproj", "{EA542B82-C6CB-4866-BAFF-4D869D9DF4D9}"
EndProject
Global
	GlobalSection(SolutionConfigurationPlatforms) = preSolution
		Debug|Any CPU = Debug|Any CPU
		Debug|ARM = Debug|ARM
		Debug|x64 = Debug|x64
		Debug|x86 = Debug|x86
		Release|Any CPU = Release|Any CPU
		Release|ARM = Release|ARM
		Release|x64 = Release|x64
		Release|x86 = Release|x86
	EndGlobalSection
	GlobalSection(ProjectConfigurationPlatforms) = postSolution
		{DAEEB470-9E12-4CD3-BAA0-A19002CBA281}.Debug|Any CPU.ActiveCfg = Debug|Any CPU
		{DAEEB470-9E12-4CD3-BAA0-A19002CBA281}.Debug|Any CPU.Build.0 = Debug|Any CPU
		{DAEEB470-9E12-4CD3-BAA0-A19002CBA281}.Debug|ARM.ActiveCfg = Debug|Any CPU
		{DAEEB470-9E12-4CD3-BAA0-A19002CBA281}.Debug|x64.ActiveCfg = Debug|Any CPU
		{DAEEB470-9E12-4CD3-BAA0-A19002CBA281}.Debug|x86.ActiveCfg = Debug|Any CPU
		{DAEEB470-9E12-4CD3-BAA0-A19002CBA281}.Release|Any CPU.ActiveCfg = Release|Any CPU
		{DAEEB470-9E12-4CD3-BAA0-A19002CBA281}.Release|Any CPU.Build.0 = Release|Any CPU
		{DAEEB470-9E12-4CD3-BAA0-A19002CBA281}.Release|ARM.ActiveCfg = Release|Any CPU
		{DAEEB470-9E12-4CD3-BAA0-A19002CBA281}.Release|x64.ActiveCfg = Release|Any CPU
		{DAEEB470-9E12-4CD3-BAA0-A19002CBA281}.Release|x86.ActiveCfg = Release|Any CPU
		{EA542B82-C6CB-4866-BAFF-4D869D9DF4D9}.Debug|Any CPU.ActiveCfg = Debug|Any CPU
		{EA542B82-C6CB-4866-BAFF-4D869D9DF4D9}.Debug|Any CPU.Build.0 = Debug|Any CPU
		{EA542B82-C6CB-4866-BAFF-4D869D9DF4D9}.Debug|ARM.ActiveCfg = Debug|Any CPU
		{EA542B82-C6CB-4866-BAFF-4D869D9DF4D9}.Debug|x64.ActiveCfg = Debug|Any CPU
		{EA542B82-C6CB-4866-BAFF-4D869D9DF4D9}.Debug|x86.ActiveCfg = Debug|Any CPU
		{EA542B82-C6CB-4866-BAFF-4D869D9DF4D9}.Release|Any CPU.ActiveCfg = Release|Any CPU
		{EA542B82-C6CB-4866-BAFF-4D869D9DF4D9}.Release|Any CPU.Build.0 = Release|Any CPU
		{EA542B82-C6CB-4866-BAFF-4D869D9DF4D9}.Release|ARM.ActiveCfg = Release|Any CPU
		{EA542B82-C6CB-4866-BAFF-4D869D9DF4D9}.Release|x64.ActiveCfg = Release|Any CPU
		{EA542B82-C6CB-4866-BAFF-4D869D9DF4D9}.Release|x86.ActiveCfg = Release|Any CPU
	EndGlobalSection
	GlobalSection(SolutionProperties) = preSolution
		HideSolutionNode = FALSE
	EndGlobalSection
EndGlobal
